
Microsoft Visual Studio Solution File, Format Version 12.00
# Visual Studio Version 17
VisualStudioVersion = 17.12.35527.113 d17.12
MinimumVisualStudioVersion = 10.0.40219.1
Project("{FAE04EC0-301F-11D3-BF4B-00C04F79EFBC}") = "JsonRedaction.Api", "JsonRedaction\JsonRedaction.Api.csproj", "{6386B02F-3A52-4345-93CB-C052487683D0}"
EndProject
Project("{FAE04EC0-301F-11D3-BF4B-00C04F79EFBC}") = "JsonRedaction.Tests", "JsonRedaction.Tests\JsonRedaction.Tests.csproj", "{A7A53D66-A3AF-41FF-B9E6-09D0A501DC84}"
EndProject
Project("{FAE04EC0-301F-11D3-BF4B-00C04F79EFBC}") = "JsonRedaction.Serilog", "JsonRedaction.Core\JsonRedaction.Serilog.csproj", "{59DDB12B-9A2C-4C1A-B0FE-74819F110528}"
EndProject
Global
	GlobalSection(SolutionConfigurationPlatforms) = preSolution
		Debug|Any CPU = Debug|Any CPU
		Release|Any CPU = Release|Any CPU
	EndGlobalSection
	GlobalSection(ProjectConfigurationPlatforms) = postSolution
		{6386B02F-3A52-4345-93CB-C052487683D0}.Debug|Any CPU.ActiveCfg = Debug|Any CPU
		{6386B02F-3A52-4345-93CB-C052487683D0}.Debug|Any CPU.Build.0 = Debug|Any CPU
		{6386B02F-3A52-4345-93CB-C052487683D0}.Release|Any CPU.ActiveCfg = Release|Any CPU
		{6386B02F-3A52-4345-93CB-C052487683D0}.Release|Any CPU.Build.0 = Release|Any CPU
		{A7A53D66-A3AF-41FF-B9E6-09D0A501DC84}.Debug|Any CPU.ActiveCfg = Debug|Any CPU
		{A7A53D66-A3AF-41FF-B9E6-09D0A501DC84}.Debug|Any CPU.Build.0 = Debug|Any CPU
		{A7A53D66-A3AF-41FF-B9E6-09D0A501DC84}.Release|Any CPU.ActiveCfg = Release|Any CPU
		{A7A53D66-A3AF-41FF-B9E6-09D0A501DC84}.Release|Any CPU.Build.0 = Release|Any CPU
		{59DDB12B-9A2C-4C1A-B0FE-74819F110528}.Debug|Any CPU.ActiveCfg = Debug|Any CPU
		{59DDB12B-9A2C-4C1A-B0FE-74819F110528}.Debug|Any CPU.Build.0 = Debug|Any CPU
		{59DDB12B-9A2C-4C1A-B0FE-74819F110528}.Release|Any CPU.ActiveCfg = Release|Any CPU
		{59DDB12B-9A2C-4C1A-B0FE-74819F110528}.Release|Any CPU.Build.0 = Release|Any CPU
	EndGlobalSection
	GlobalSection(SolutionProperties) = preSolution
		HideSolutionNode = FALSE
	EndGlobalSection
EndGlobal
